// !$*UTF8*$!
{
	archiveVersion = 1;
	classes = {
	};
	objectVersion = 52;
	objects = {

/* Begin PBXBuildFile section */
		3D167C692627A94D006520CF /* Dracula in Frameworks */ = {isa = PBXBuildFile; productRef = 3D167C682627A94D006520CF /* Dracula */; };
		3D7694B52627B4A1008A2E9A /* README.md in Resources */ = {isa = PBXBuildFile; fileRef = 3D7694B42627B4A1008A2E9A /* README.md */; };
		3DE3CDAF2627A25300304189 /* DraculaThemeSwiftUIApp.swift in Sources */ = {isa = PBXBuildFile; fileRef = 3DE3CDAE2627A25300304189 /* DraculaThemeSwiftUIApp.swift */; };
		3DE3CDB12627A25300304189 /* ContentView.swift in Sources */ = {isa = PBXBuildFile; fileRef = 3DE3CDB02627A25300304189 /* ContentView.swift */; };
		3DE3CDB32627A25800304189 /* Assets.xcassets in Resources */ = {isa = PBXBuildFile; fileRef = 3DE3CDB22627A25800304189 /* Assets.xcassets */; };
		3DE3CDB62627A25800304189 /* Preview Assets.xcassets in Resources */ = {isa = PBXBuildFile; fileRef = 3DE3CDB52627A25800304189 /* Preview Assets.xcassets */; };
/* End PBXBuildFile section */

/* Begin PBXFileReference section */
		3D7694B42627B4A1008A2E9A /* README.md */ = {isa = PBXFileReference; lastKnownFileType = net.daringfireball.markdown; path = README.md; sourceTree = "<group>"; };
		3DE3CDAB2627A25300304189 /* DraculaThemeSwiftUI.app */ = {isa = PBXFileReference; explicitFileType = wrapper.application; includeInIndex = 0; path = DraculaThemeSwiftUI.app; sourceTree = BUILT_PRODUCTS_DIR; };
		3DE3CDAE2627A25300304189 /* DraculaThemeSwiftUIApp.swift */ = {isa = PBXFileReference; lastKnownFileType = sourcecode.swift; path = DraculaThemeSwiftUIApp.swift; sourceTree = "<group>"; };
		3DE3CDB02627A25300304189 /* ContentView.swift */ = {isa = PBXFileReference; lastKnownFileType = sourcecode.swift; path = ContentView.swift; sourceTree = "<group>"; };
		3DE3CDB22627A25800304189 /* Assets.xcassets */ = {isa = PBXFileReference; lastKnownFileType = folder.assetcatalog; path = Assets.xcassets; sourceTree = "<group>"; };
		3DE3CDB52627A25800304189 /* Preview Assets.xcassets */ = {isa = PBXFileReference; lastKnownFileType = folder.assetcatalog; path = "Preview Assets.xcassets"; sourceTree = "<group>"; };
		3DE3CDB72627A25800304189 /* Info.plist */ = {isa = PBXFileReference; lastKnownFileType = text.plist.xml; path = Info.plist; sourceTree = "<group>"; };
/* End PBXFileReference section */

/* Begin PBXFrameworksBuildPhase section */
		3DE3CDA82627A25300304189 /* Frameworks */ = {
			isa = PBXFrameworksBuildPhase;
			buildActionMask = 2147483647;
			files = (
				3D167C692627A94D006520CF /* Dracula in Frameworks */,
			);
			runOnlyForDeploymentPostprocessing = 0;
		};
/* End PBXFrameworksBuildPhase section */

/* Begin PBXGroup section */
		3DE3CDA22627A25300304189 = {
			isa = PBXGroup;
			children = (
				3D7694B42627B4A1008A2E9A /* README.md */,
				3DE3CDAD2627A25300304189 /* DraculaThemeSwiftUI */,
				3DE3CDAC2627A25300304189 /* Products */,
			);
			sourceTree = "<group>";
		};
		3DE3CDAC2627A25300304189 /* Products */ = {
			isa = PBXGroup;
			children = (
				3DE3CDAB2627A25300304189 /* DraculaThemeSwiftUI.app */,
			);
			name = Products;
			sourceTree = "<group>";
		};
		3DE3CDAD2627A25300304189 /* DraculaThemeSwiftUI */ = {
			isa = PBXGroup;
			children = (
				3DE3CDAE2627A25300304189 /* DraculaThemeSwiftUIApp.swift */,
				3DE3CDB02627A25300304189 /* ContentView.swift */,
				3DE3CDB22627A25800304189 /* Assets.xcassets */,
				3DE3CDB72627A25800304189 /* Info.plist */,
				3DE3CDB42627A25800304189 /* Preview Content */,
			);
			path = DraculaThemeSwiftUI;
			sourceTree = "<group>";
		};
		3DE3CDB42627A25800304189 /* Preview Content */ = {
			isa = PBXGroup;
			children = (
				3DE3CDB52627A25800304189 /* Preview Assets.xcassets */,
			);
			path = "Preview Content";
			sourceTree = "<group>";
		};
/* End PBXGroup section */

/* Begin PBXNativeTarget section */
		3DE3CDAA2627A25300304189 /* DraculaThemeSwiftUI */ = {
			isa = PBXNativeTarget;
			buildConfigurationList = 3DE3CDBA2627A25800304189 /* Build configuration list for PBXNativeTarget "DraculaThemeSwiftUI" */;
			buildPhases = (
				3DE3CDA72627A25300304189 /* Sources */,
				3DE3CDA82627A25300304189 /* Frameworks */,
				3DE3CDA92627A25300304189 /* Resources */,
			);
			buildRules = (
			);
			dependencies = (
			);
			name = DraculaThemeSwiftUI;
			packageProductDependencies = (
				3D167C682627A94D006520CF /* Dracula */,
			);
			productName = DraculaThemeSwiftUI;
			productReference = 3DE3CDAB2627A25300304189 /* DraculaThemeSwiftUI.app */;
			productType = "com.apple.product-type.application";
		};
/* End PBXNativeTarget section */

/* Begin PBXProject section */
		3DE3CDA32627A25300304189 /* Project object */ = {
			isa = PBXProject;
			attributes = {
				LastSwiftUpdateCheck = 1240;
				LastUpgradeCheck = 1240;
				TargetAttributes = {
					3DE3CDAA2627A25300304189 = {
						CreatedOnToolsVersion = 12.4;
					};
				};
			};
			buildConfigurationList = 3DE3CDA62627A25300304189 /* Build configuration list for PBXProject "DraculaThemeSwiftUI" */;
			compatibilityVersion = "Xcode 9.3";
			developmentRegion = en;
			hasScannedForEncodings = 0;
			knownRegions = (
				en,
				Base,
			);
			mainGroup = 3DE3CDA22627A25300304189;
			packageReferences = (
				3D167C672627A94D006520CF /* XCRemoteSwiftPackageReference "Dracula" */,
			);
			productRefGroup = 3DE3CDAC2627A25300304189 /* Products */;
			projectDirPath = "";
			projectRoot = "";
			targets = (
				3DE3CDAA2627A25300304189 /* DraculaThemeSwiftUI */,
			);
		};
/* End PBXProject section */

/* Begin PBXResourcesBuildPhase section */
		3DE3CDA92627A25300304189 /* Resources */ = {
			isa = PBXResourcesBuildPhase;
			buildActionMask = 2147483647;
			files = (
				3D7694B52627B4A1008A2E9A /* README.md in Resources */,
				3DE3CDB62627A25800304189 /* Preview Assets.xcassets in Resources */,
				3DE3CDB32627A25800304189 /* Assets.xcassets in Resources */,
			);
			runOnlyForDeploymentPostprocessing = 0;
		};
/* End PBXResourcesBuildPhase section */

/* Begin PBXSourcesBuildPhase section */
		3DE3CDA72627A25300304189 /* Sources */ = {
			isa = PBXSourcesBuildPhase;
			buildActionMask = 2147483647;
			files = (
				3DE3CDB12627A25300304189 /* ContentView.swift in Sources */,
				3DE3CDAF2627A25300304189 /* DraculaThemeSwiftUIApp.swift in Sources */,
			);
			runOnlyForDeploymentPostprocessing = 0;
		};
/* End PBXSourcesBuildPhase section */

/* Begin XCBuildConfiguration section */
		3DE3CDB82627A25800304189 /* Debug */ = {
			isa = XCBuildConfiguration;
			buildSettings = {
				ALWAYS_SEARCH_USER_PATHS = NO;
				CLANG_ANALYZER_NONNULL = YES;
				CLANG_ANALYZER_NUMBER_OBJECT_CONVERSION = YES_AGGRESSIVE;
				CLANG_CXX_LANGUAGE_STANDARD = "gnu++14";
				CLANG_CXX_LIBRARY = "libc++";
				CLANG_ENABLE_MODULES = YES;
				CLANG_ENABLE_OBJC_ARC = YES;
				CLANG_ENABLE_OBJC_WEAK = YES;
				CLANG_WARN_BLOCK_CAPTURE_AUTORELEASING = YES;
				CLANG_WARN_BOOL_CONVERSION = YES;
				CLANG_WARN_COMMA = YES;
				CLANG_WARN_CONSTANT_CONVERSION = YES;
				CLANG_WARN_DEPRECATED_OBJC_IMPLEMENTATIONS = YES;
				CLANG_WARN_DIRECT_OBJC_ISA_USAGE = YES_ERROR;
				CLANG_WARN_DOCUMENTATION_COMMENTS = YES;
				CLANG_WARN_EMPTY_BODY = YES;
				CLANG_WARN_ENUM_CONVERSION = YES;
				CLANG_WARN_INFINITE_RECURSION = YES;
				CLANG_WARN_INT_CONVERSION = YES;
				CLANG_WARN_NON_LITERAL_NULL_CONVERSION = YES;
				CLANG_WARN_OBJC_IMPLICIT_RETAIN_SELF = YES;
				CLANG_WARN_OBJC_LITERAL_CONVERSION = YES;
				CLANG_WARN_OBJC_ROOT_CLASS = YES_ERROR;
				CLANG_WARN_QUOTED_INCLUDE_IN_FRAMEWORK_HEADER = YES;
				CLANG_WARN_RANGE_LOOP_ANALYSIS = YES;
				CLANG_WARN_STRICT_PROTOTYPES = YES;
				CLANG_WARN_SUSPICIOUS_MOVE = YES;
				CLANG_WARN_UNGUARDED_AVAILABILITY = YES_AGGRESSIVE;
				CLANG_WARN_UNREACHABLE_CODE = YES;
				CLANG_WARN__DUPLICATE_METHOD_MATCH = YES;
				COPY_PHASE_STRIP = NO;
				DEBUG_INFORMATION_FORMAT = dwarf;
				ENABLE_STRICT_OBJC_MSGSEND = YES;
				ENABLE_TESTABILITY = YES;
				GCC_C_LANGUAGE_STANDARD = gnu11;
				GCC_DYNAMIC_NO_PIC = NO;
				GCC_NO_COMMON_BLOCKS = YES;
				GCC_OPTIMIZATION_LEVEL = 0;
				GCC_PREPROCESSOR_DEFINITIONS = (
					"DEBUG=1",
					"$(inherited)",
				);
				GCC_WARN_64_TO_32_BIT_CONVERSION = YES;
				GCC_WARN_ABOUT_RETURN_TYPE = YES_ERROR;
				GCC_WARN_UNDECLARED_SELECTOR = YES;
				GCC_WARN_UNINITIALIZED_AUTOS = YES_AGGRESSIVE;
				GCC_WARN_UNUSED_FUNCTION = YES;
				GCC_WARN_UNUSED_VARIABLE = YES;
				IPHONEOS_DEPLOYMENT_TARGET = 14.4;
				MTL_ENABLE_DEBUG_INFO = INCLUDE_SOURCE;
				MTL_FAST_MATH = YES;
				ONLY_ACTIVE_ARCH = YES;
				SDKROOT = iphoneos;
				SWIFT_ACTIVE_COMPILATION_CONDITIONS = DEBUG;
				SWIFT_OPTIMIZATION_LEVEL = "-Onone";
			};
			name = Debug;
		};
		3DE3CDB92627A25800304189 /* Release */ = {
			isa = XCBuildConfiguration;
			buildSettings = {
				ALWAYS_SEARCH_USER_PATHS = NO;
				CLANG_ANALYZER_NONNULL = YES;
				CLANG_ANALYZER_NUMBER_OBJECT_CONVERSION = YES_AGGRESSIVE;
				CLANG_CXX_LANGUAGE_STANDARD = "gnu++14";
				CLANG_CXX_LIBRARY = "libc++";
				CLANG_ENABLE_MODULES = YES;
				CLANG_ENABLE_OBJC_ARC = YES;
				CLANG_ENABLE_OBJC_WEAK = YES;
				CLANG_WARN_BLOCK_CAPTURE_AUTORELEASING = YES;
				CLANG_WARN_BOOL_CONVERSION = YES;
				CLANG_WARN_COMMA = YES;
				CLANG_WARN_CONSTANT_CONVERSION = YES;
				CLANG_WARN_DEPRECATED_OBJC_IMPLEMENTATIONS = YES;
				CLANG_WARN_DIRECT_OBJC_ISA_USAGE = YES_ERROR;
				CLANG_WARN_DOCUMENTATION_COMMENTS = YES;
				CLANG_WARN_EMPTY_BODY = YES;
				CLANG_WARN_ENUM_CONVERSION = YES;
				CLANG_WARN_INFINITE_RECURSION = YES;
				CLANG_WARN_INT_CONVERSION = YES;
				CLANG_WARN_NON_LITERAL_NULL_CONVERSION = YES;
				CLANG_WARN_OBJC_IMPLICIT_RETAIN_SELF = YES;
				CLANG_WARN_OBJC_LITERAL_CONVERSION = YES;
				CLANG_WARN_OBJC_ROOT_CLASS = YES_ERROR;
				CLANG_WARN_QUOTED_INCLUDE_IN_FRAMEWORK_HEADER = YES;
				CLANG_WARN_RANGE_LOOP_ANALYSIS = YES;
				CLANG_WARN_STRICT_PROTOTYPES = YES;
				CLANG_WARN_SUSPICIOUS_MOVE = YES;
				CLANG_WARN_UNGUARDED_AVAILABILITY = YES_AGGRESSIVE;
				CLANG_WARN_UNREACHABLE_CODE = YES;
				CLANG_WARN__DUPLICATE_METHOD_MATCH = YES;
				COPY_PHASE_STRIP = NO;
				DEBUG_INFORMATION_FORMAT = "dwarf-with-dsym";
				ENABLE_NS_ASSERTIONS = NO;
				ENABLE_STRICT_OBJC_MSGSEND = YES;
				GCC_C_LANGUAGE_STANDARD = gnu11;
				GCC_NO_COMMON_BLOCKS = YES;
				GCC_WARN_64_TO_32_BIT_CONVERSION = YES;
				GCC_WARN_ABOUT_RETURN_TYPE = YES_ERROR;
				GCC_WARN_UNDECLARED_SELECTOR = YES;
				GCC_WARN_UNINITIALIZED_AUTOS = YES_AGGRESSIVE;
				GCC_WARN_UNUSED_FUNCTION = YES;
				GCC_WARN_UNUSED_VARIABLE = YES;
				IPHONEOS_DEPLOYMENT_TARGET = 14.4;
				MTL_ENABLE_DEBUG_INFO = NO;
				MTL_FAST_MATH = YES;
				SDKROOT = iphoneos;
				SWIFT_COMPILATION_MODE = wholemodule;
				SWIFT_OPTIMIZATION_LEVEL = "-O";
				VALIDATE_PRODUCT = YES;
			};
			name = Release;
		};
		3DE3CDBB2627A25800304189 /* Debug */ = {
			isa = XCBuildConfiguration;
			buildSettings = {
				ASSETCATALOG_COMPILER_APPICON_NAME = AppIcon;
				ASSETCATALOG_COMPILER_GLOBAL_ACCENT_COLOR_NAME = AccentColor;
				CODE_SIGN_STYLE = Automatic;
				DEVELOPMENT_ASSET_PATHS = "\"DraculaThemeSwiftUI/Preview Content\"";
				ENABLE_PREVIEWS = YES;
				INFOPLIST_FILE = DraculaThemeSwiftUI/Info.plist;
				IPHONEOS_DEPLOYMENT_TARGET = 14.0;
				LD_RUNPATH_SEARCH_PATHS = (
					"$(inherited)",
					"@executable_path/Frameworks",
				);
				PRODUCT_BUNDLE_IDENTIFIER = io.github.rphlfc.DraculaThemeSwiftUI;
				PRODUCT_NAME = "$(TARGET_NAME)";
				SWIFT_VERSION = 5.0;
				TARGETED_DEVICE_FAMILY = "1,2";
			};
			name = Debug;
		};
		3DE3CDBC2627A25800304189 /* Release */ = {
			isa = XCBuildConfiguration;
			buildSettings = {
				ASSETCATALOG_COMPILER_APPICON_NAME = AppIcon;
				ASSETCATALOG_COMPILER_GLOBAL_ACCENT_COLOR_NAME = AccentColor;
				CODE_SIGN_STYLE = Automatic;
				DEVELOPMENT_ASSET_PATHS = "\"DraculaThemeSwiftUI/Preview Content\"";
				ENABLE_PREVIEWS = YES;
				INFOPLIST_FILE = DraculaThemeSwiftUI/Info.plist;
				IPHONEOS_DEPLOYMENT_TARGET = 14.0;
				LD_RUNPATH_SEARCH_PATHS = (
					"$(inherited)",
					"@executable_path/Frameworks",
				);
				PRODUCT_BUNDLE_IDENTIFIER = io.github.rphlfc.DraculaThemeSwiftUI;
				PRODUCT_NAME = "$(TARGET_NAME)";
				SWIFT_VERSION = 5.0;
				TARGETED_DEVICE_FAMILY = "1,2";
			};
			name = Release;
		};
/* End XCBuildConfiguration section */

/* Begin XCConfigurationList section */
		3DE3CDA62627A25300304189 /* Build configuration list for PBXProject "DraculaThemeSwiftUI" */ = {
			isa = XCConfigurationList;
			buildConfigurations = (
				3DE3CDB82627A25800304189 /* Debug */,
				3DE3CDB92627A25800304189 /* Release */,
			);
			defaultConfigurationIsVisible = 0;
			defaultConfigurationName = Release;
		};
		3DE3CDBA2627A25800304189 /* Build configuration list for PBXNativeTarget "DraculaThemeSwiftUI" */ = {
			isa = XCConfigurationList;
			buildConfigurations = (
				3DE3CDBB2627A25800304189 /* Debug */,
				3DE3CDBC2627A25800304189 /* Release */,
			);
			defaultConfigurationIsVisible = 0;
			defaultConfigurationName = Release;
		};
/* End XCConfigurationList section */

/* Begin XCRemoteSwiftPackageReference section */
		3D167C672627A94D006520CF /* XCRemoteSwiftPackageReference "Dracula" */ = {
			isa = XCRemoteSwiftPackageReference;
			repositoryURL = "https://github.com/rphlfc/Dracula.git";
			requirement = {
				branch = master;
				kind = branch;
			};
		};
/* End XCRemoteSwiftPackageReference section */

/* Begin XCSwiftPackageProductDependency section */
		3D167C682627A94D006520CF /* Dracula */ = {
			isa = XCSwiftPackageProductDependency;
			package = 3D167C672627A94D006520CF /* XCRemoteSwiftPackageReference "Dracula" */;
			productName = Dracula;
		};
/* End XCSwiftPackageProductDependency section */
	};
	rootObject = 3DE3CDA32627A25300304189 /* Project object */;
}
